
Microsoft Visual Studio Solution File, Format Version 12.00
# Visual Studio 15
VisualStudioVersion = 15.0.26228.9
MinimumVisualStudioVersion = 10.0.40219.1
Project("{FAE04EC0-301F-11D3-BF4B-00C04F79EFBC}") = "PraktyczneKursy", "PraktyczneKursy\PraktyczneKursy.csproj", "{1C0BD2AF-7F38-49F9-BFCD-D44B02D7F897}"
EndProject
Project("{FAE04EC0-301F-11D3-BF4B-00C04F79EFBC}") = "PraktyczneKursy.Tests", "PraktyczneKursy.Tests\PraktyczneKursy.Tests.csproj", "{175628AD-5688-4DE9-90FE-457E15A40F57}"
EndProject
Global
	GlobalSection(SolutionConfigurationPlatforms) = preSolution
		Debug|Any CPU = Debug|Any CPU
		Release|Any CPU = Release|Any CPU
	EndGlobalSection
	GlobalSection(ProjectConfigurationPlatforms) = postSolution
		{1C0BD2AF-7F38-49F9-BFCD-D44B02D7F897}.Debug|Any CPU.ActiveCfg = Debug|Any CPU
		{1C0BD2AF-7F38-49F9-BFCD-D44B02D7F897}.Debug|Any CPU.Build.0 = Debug|Any CPU
		{1C0BD2AF-7F38-49F9-BFCD-D44B02D7F897}.Release|Any CPU.ActiveCfg = Release|Any CPU
		{1C0BD2AF-7F38-49F9-BFCD-D44B02D7F897}.Release|Any CPU.Build.0 = Release|Any CPU
		{175628AD-5688-4DE9-90FE-457E15A40F57}.Debug|Any CPU.ActiveCfg = Debug|Any CPU
		{175628AD-5688-4DE9-90FE-457E15A40F57}.Debug|Any CPU.Build.0 = Debug|Any CPU
		{175628AD-5688-4DE9-90FE-457E15A40F57}.Release|Any CPU.ActiveCfg = Release|Any CPU
		{175628AD-5688-4DE9-90FE-457E15A40F57}.Release|Any CPU.Build.0 = Release|Any CPU
	EndGlobalSection
	GlobalSection(SolutionProperties) = preSolution
		HideSolutionNode = FALSE
	EndGlobalSection
EndGlobal
